{
  "name": "uppgift_l3",
  "version": "1.0.0",
  "lockfileVersion": 3,
  "requires": true,
  "packages": {
    "": {
      "name": "uppgift_l3",
      "version": "1.0.0",
      "license": "ISC",
      "dependencies": {
        "weight-module-alexander-rolf": "^1.0.1"
      }
    },
    "node_modules/weight-module-alexander-rolf": {
      "version": "1.0.1",
      "resolved": "https://registry.npmjs.org/weight-module-alexander-rolf/-/weight-module-alexander-rolf-1.0.1.tgz",
      "integrity": "sha512-06CNQxzjj+4vVjbz4DYO0l7+kajtjV3D8fRncd3ZY0uN26od/py2Ju5v/s0LjudVBWvxScmwt7R1HdzgAbuuig=="
    }
  }
}
